
Microsoft Visual Studio Solution File, Format Version 12.00
# Visual Studio Version 17
VisualStudioVersion = 17.4.33213.308
MinimumVisualStudioVersion = 10.0.40219.1
Project("{FAE04EC0-301F-11D3-BF4B-00C04F79EFBC}") = "xUnitTestProject", "xUnitTestProject.csproj", "{7952FFC6-1614-446B-B102-27A4FDD06AC5}"
EndProject
Global
	GlobalSection(SolutionConfigurationPlatforms) = preSolution
		Debug|Any CPU = Debug|Any CPU
		Release|Any CPU = Release|Any CPU
	EndGlobalSection
	GlobalSection(ProjectConfigurationPlatforms) = postSolution
		{7952FFC6-1614-446B-B102-27A4FDD06AC5}.Debug|Any CPU.ActiveCfg = Debug|Any CPU
		{7952FFC6-1614-446B-B102-27A4FDD06AC5}.Debug|Any CPU.Build.0 = Debug|Any CPU
		{7952FFC6-1614-446B-B102-27A4FDD06AC5}.Release|Any CPU.ActiveCfg = Release|Any CPU
		{7952FFC6-1614-446B-B102-27A4FDD06AC5}.Release|Any CPU.Build.0 = Release|Any CPU
	EndGlobalSection
	GlobalSection(SolutionProperties) = preSolution
		HideSolutionNode = FALSE
	EndGlobalSection
	GlobalSection(ExtensibilityGlobals) = postSolution
		SolutionGuid = {39753B21-E149-4024-B6E8-1FAA32D11C3D}
	EndGlobalSection
EndGlobal
